
Microsoft Visual Studio Solution File, Format Version 12.00
# Visual Studio Version 17
VisualStudioVersion = 17.8.34330.188
MinimumVisualStudioVersion = 10.0.40219.1
Project("{FAE04EC0-301F-11D3-BF4B-00C04F79EFBC}") = "DependencyInjectionDemo.Web", "DependencyInjectionDemo.Web\DependencyInjectionDemo.Web.csproj", "{AF5A915E-3637-4C76-BBFF-23391346E9AD}"
EndProject
Project("{FAE04EC0-301F-11D3-BF4B-00C04F79EFBC}") = "DependencyInjectionDemo.Services", "DependencyInjectionDemo.Services\DependencyInjectionDemo.Services.csproj", "{1EEB174D-A29A-48C9-B03B-0A447BF7A005}"
EndProject
Project("{FAE04EC0-301F-11D3-BF4B-00C04F79EFBC}") = "DependencyInjectionDemo.Models", "DependencyInjectionDemo.Models\DependencyInjectionDemo.Models.csproj", "{4CC0BFD4-4EDF-4936-8022-131332BFA724}"
EndProject
Project("{FAE04EC0-301F-11D3-BF4B-00C04F79EFBC}") = "DependencyInjectionDemo.Data", "DependencyInjectionDemo.Data\DependencyInjectionDemo.Data.csproj", "{72901D21-DFA9-4543-AA33-366DF27C9549}"
EndProject
Project("{FAE04EC0-301F-11D3-BF4B-00C04F79EFBC}") = "DependencyInjectionDemo.Shared", "DependencyInjectionDemo.Shared\DependencyInjectionDemo.Shared.csproj", "{D5A79F24-6C1B-43DB-80A8-1FD1AE9C936B}"
EndProject
Global
	GlobalSection(SolutionConfigurationPlatforms) = preSolution
		Debug|Any CPU = Debug|Any CPU
		Release|Any CPU = Release|Any CPU
	EndGlobalSection
	GlobalSection(ProjectConfigurationPlatforms) = postSolution
		{AF5A915E-3637-4C76-BBFF-23391346E9AD}.Debug|Any CPU.ActiveCfg = Debug|Any CPU
		{AF5A915E-3637-4C76-BBFF-23391346E9AD}.Debug|Any CPU.Build.0 = Debug|Any CPU
		{AF5A915E-3637-4C76-BBFF-23391346E9AD}.Release|Any CPU.ActiveCfg = Release|Any CPU
		{AF5A915E-3637-4C76-BBFF-23391346E9AD}.Release|Any CPU.Build.0 = Release|Any CPU
		{1EEB174D-A29A-48C9-B03B-0A447BF7A005}.Debug|Any CPU.ActiveCfg = Debug|Any CPU
		{1EEB174D-A29A-48C9-B03B-0A447BF7A005}.Debug|Any CPU.Build.0 = Debug|Any CPU
		{1EEB174D-A29A-48C9-B03B-0A447BF7A005}.Release|Any CPU.ActiveCfg = Release|Any CPU
		{1EEB174D-A29A-48C9-B03B-0A447BF7A005}.Release|Any CPU.Build.0 = Release|Any CPU
		{4CC0BFD4-4EDF-4936-8022-131332BFA724}.Debug|Any CPU.ActiveCfg = Debug|Any CPU
		{4CC0BFD4-4EDF-4936-8022-131332BFA724}.Debug|Any CPU.Build.0 = Debug|Any CPU
		{4CC0BFD4-4EDF-4936-8022-131332BFA724}.Release|Any CPU.ActiveCfg = Release|Any CPU
		{4CC0BFD4-4EDF-4936-8022-131332BFA724}.Release|Any CPU.Build.0 = Release|Any CPU
		{72901D21-DFA9-4543-AA33-366DF27C9549}.Debug|Any CPU.ActiveCfg = Debug|Any CPU
		{72901D21-DFA9-4543-AA33-366DF27C9549}.Debug|Any CPU.Build.0 = Debug|Any CPU
		{72901D21-DFA9-4543-AA33-366DF27C9549}.Release|Any CPU.ActiveCfg = Release|Any CPU
		{72901D21-DFA9-4543-AA33-366DF27C9549}.Release|Any CPU.Build.0 = Release|Any CPU
		{D5A79F24-6C1B-43DB-80A8-1FD1AE9C936B}.Debug|Any CPU.ActiveCfg = Debug|Any CPU
		{D5A79F24-6C1B-43DB-80A8-1FD1AE9C936B}.Debug|Any CPU.Build.0 = Debug|Any CPU
		{D5A79F24-6C1B-43DB-80A8-1FD1AE9C936B}.Release|Any CPU.ActiveCfg = Release|Any CPU
		{D5A79F24-6C1B-43DB-80A8-1FD1AE9C936B}.Release|Any CPU.Build.0 = Release|Any CPU
	EndGlobalSection
	GlobalSection(SolutionProperties) = preSolution
		HideSolutionNode = FALSE
	EndGlobalSection
	GlobalSection(ExtensibilityGlobals) = postSolution
		SolutionGuid = {96351401-5F34-4C38-919F-EADD684907E4}
	EndGlobalSection
EndGlobal
